
Microsoft Visual Studio Solution File, Format Version 11.00
# Visual Studio 2010
Project("{8BC9CEB8-8B4A-11D0-8D11-00A0C91BC942}") = "Assignment_3", "Assignment_3\Assignment_3.vcxproj", "{CF42EC73-CE67-4C98-A36E-0DB79B3CB2AA}"
EndProject
Global
	GlobalSection(SolutionConfigurationPlatforms) = preSolution
		Debug|Win32 = Debug|Win32
		Release|Win32 = Release|Win32
	EndGlobalSection
	GlobalSection(ProjectConfigurationPlatforms) = postSolution
		{CF42EC73-CE67-4C98-A36E-0DB79B3CB2AA}.Debug|Win32.ActiveCfg = Debug|Win32
		{CF42EC73-CE67-4C98-A36E-0DB79B3CB2AA}.Debug|Win32.Build.0 = Debug|Win32
		{CF42EC73-CE67-4C98-A36E-0DB79B3CB2AA}.Release|Win32.ActiveCfg = Release|Win32
		{CF42EC73-CE67-4C98-A36E-0DB79B3CB2AA}.Release|Win32.Build.0 = Release|Win32
	EndGlobalSection
	GlobalSection(SolutionProperties) = preSolution
		HideSolutionNode = FALSE
	EndGlobalSection
EndGlobal
